// !$*UTF8*$!
{
	archiveVersion = 1;
	classes = {
	};
	objectVersion = 50;
	objects = {

/* Begin PBXBuildFile section */
		D80FBD9825FA658700F62F03 /* CartView.swift in Sources */ = {isa = PBXBuildFile; fileRef = D80FBD9725FA658700F62F03 /* CartView.swift */; };
		D8857D9C25F7200A00FA27F9 /* ShoppingCartPartThreeApp.swift in Sources */ = {isa = PBXBuildFile; fileRef = D8857D9B25F7200A00FA27F9 /* ShoppingCartPartThreeApp.swift */; };
		D8857D9E25F7200A00FA27F9 /* ContentView.swift in Sources */ = {isa = PBXBuildFile; fileRef = D8857D9D25F7200A00FA27F9 /* ContentView.swift */; };
		D8857DA025F7200D00FA27F9 /* Assets.xcassets in Resources */ = {isa = PBXBuildFile; fileRef = D8857D9F25F7200D00FA27F9 /* Assets.xcassets */; };
		D8857DA325F7200D00FA27F9 /* Preview Assets.xcassets in Resources */ = {isa = PBXBuildFile; fileRef = D8857DA225F7200D00FA27F9 /* Preview Assets.xcassets */; };
		D8C2BA5025F7238D00639166 /* ProductView.swift in Sources */ = {isa = PBXBuildFile; fileRef = D8C2BA4F25F7238D00639166 /* ProductView.swift */; };
		D8C2BA5425F723D100639166 /* Item.swift in Sources */ = {isa = PBXBuildFile; fileRef = D8C2BA5325F723D100639166 /* Item.swift */; };
/* End PBXBuildFile section */

/* Begin PBXFileReference section */
		D80FBD9725FA658700F62F03 /* CartView.swift */ = {isa = PBXFileReference; lastKnownFileType = sourcecode.swift; path = CartView.swift; sourceTree = "<group>"; };
		D8857D9825F7200A00FA27F9 /* ShoppingCartPartThree.app */ = {isa = PBXFileReference; explicitFileType = wrapper.application; includeInIndex = 0; path = ShoppingCartPartThree.app; sourceTree = BUILT_PRODUCTS_DIR; };
		D8857D9B25F7200A00FA27F9 /* ShoppingCartPartThreeApp.swift */ = {isa = PBXFileReference; lastKnownFileType = sourcecode.swift; path = ShoppingCartPartThreeApp.swift; sourceTree = "<group>"; };
		D8857D9D25F7200A00FA27F9 /* ContentView.swift */ = {isa = PBXFileReference; lastKnownFileType = sourcecode.swift; path = ContentView.swift; sourceTree = "<group>"; };
		D8857D9F25F7200D00FA27F9 /* Assets.xcassets */ = {isa = PBXFileReference; lastKnownFileType = folder.assetcatalog; path = Assets.xcassets; sourceTree = "<group>"; };
		D8857DA225F7200D00FA27F9 /* Preview Assets.xcassets */ = {isa = PBXFileReference; lastKnownFileType = folder.assetcatalog; path = "Preview Assets.xcassets"; sourceTree = "<group>"; };
		D8857DA425F7200D00FA27F9 /* Info.plist */ = {isa = PBXFileReference; lastKnownFileType = text.plist.xml; path = Info.plist; sourceTree = "<group>"; };
		D8C2BA4F25F7238D00639166 /* ProductView.swift */ = {isa = PBXFileReference; lastKnownFileType = sourcecode.swift; path = ProductView.swift; sourceTree = "<group>"; };
		D8C2BA5325F723D100639166 /* Item.swift */ = {isa = PBXFileReference; lastKnownFileType = sourcecode.swift; path = Item.swift; sourceTree = "<group>"; };
		D8C2BA5A25F9C24B00639166 /* README.md */ = {isa = PBXFileReference; lastKnownFileType = net.daringfireball.markdown; path = README.md; sourceTree = "<group>"; };
/* End PBXFileReference section */

/* Begin PBXFrameworksBuildPhase section */
		D8857D9525F7200A00FA27F9 /* Frameworks */ = {
			isa = PBXFrameworksBuildPhase;
			buildActionMask = 2147483647;
			files = (
			);
			runOnlyForDeploymentPostprocessing = 0;
		};
/* End PBXFrameworksBuildPhase section */

/* Begin PBXGroup section */
		D8857D8F25F7200A00FA27F9 = {
			isa = PBXGroup;
			children = (
				D8857D9A25F7200A00FA27F9 /* ShoppingCartPartThree */,
				D8857D9925F7200A00FA27F9 /* Products */,
			);
			sourceTree = "<group>";
		};
		D8857D9925F7200A00FA27F9 /* Products */ = {
			isa = PBXGroup;
			children = (
				D8857D9825F7200A00FA27F9 /* ShoppingCartPartThree.app */,
			);
			name = Products;
			sourceTree = "<group>";
		};
		D8857D9A25F7200A00FA27F9 /* ShoppingCartPartThree */ = {
			isa = PBXGroup;
			children = (
				D8C2BA5225F723A100639166 /* Model */,
				D8857D9B25F7200A00FA27F9 /* ShoppingCartPartThreeApp.swift */,
				D8857D9D25F7200A00FA27F9 /* ContentView.swift */,
				D8857D9F25F7200D00FA27F9 /* Assets.xcassets */,
				D8857DA425F7200D00FA27F9 /* Info.plist */,
				D8857DA125F7200D00FA27F9 /* Preview Content */,
				D8C2BA4F25F7238D00639166 /* ProductView.swift */,
				D8C2BA5A25F9C24B00639166 /* README.md */,
				D80FBD9725FA658700F62F03 /* CartView.swift */,
			);
			path = ShoppingCartPartThree;
			sourceTree = "<group>";
		};
		D8857DA125F7200D00FA27F9 /* Preview Content */ = {
			isa = PBXGroup;
			children = (
				D8857DA225F7200D00FA27F9 /* Preview Assets.xcassets */,
			);
			path = "Preview Content";
			sourceTree = "<group>";
		};
		D8C2BA5225F723A100639166 /* Model */ = {
			isa = PBXGroup;
			children = (
				D8C2BA5325F723D100639166 /* Item.swift */,
			);
			path = Model;
			sourceTree = "<group>";
		};
/* End PBXGroup section */

/* Begin PBXNativeTarget section */
		D8857D9725F7200A00FA27F9 /* ShoppingCartPartThree */ = {
			isa = PBXNativeTarget;
			buildConfigurationList = D8857DA725F7200D00FA27F9 /* Build configuration list for PBXNativeTarget "ShoppingCartPartThree" */;
			buildPhases = (
				D8857D9425F7200A00FA27F9 /* Sources */,
				D8857D9525F7200A00FA27F9 /* Frameworks */,
				D8857D9625F7200A00FA27F9 /* Resources */,
			);
			buildRules = (
			);
			dependencies = (
			);
			name = ShoppingCartPartThree;
			productName = ShoppingCartPartThree;
			productReference = D8857D9825F7200A00FA27F9 /* ShoppingCartPartThree.app */;
			productType = "com.apple.product-type.application";
		};
/* End PBXNativeTarget section */

/* Begin PBXProject section */
		D8857D9025F7200A00FA27F9 /* Project object */ = {
			isa = PBXProject;
			attributes = {
				LastSwiftUpdateCheck = 1240;
				LastUpgradeCheck = 1240;
				TargetAttributes = {
					D8857D9725F7200A00FA27F9 = {
						CreatedOnToolsVersion = 12.4;
					};
				};
			};
			buildConfigurationList = D8857D9325F7200A00FA27F9 /* Build configuration list for PBXProject "ShoppingCartPartThree" */;
			compatibilityVersion = "Xcode 9.3";
			developmentRegion = en;
			hasScannedForEncodings = 0;
			knownRegions = (
				en,
				Base,
			);
			mainGroup = D8857D8F25F7200A00FA27F9;
			productRefGroup = D8857D9925F7200A00FA27F9 /* Products */;
			projectDirPath = "";
			projectRoot = "";
			targets = (
				D8857D9725F7200A00FA27F9 /* ShoppingCartPartThree */,
			);
		};
/* End PBXProject section */

/* Begin PBXResourcesBuildPhase section */
		D8857D9625F7200A00FA27F9 /* Resources */ = {
			isa = PBXResourcesBuildPhase;
			buildActionMask = 2147483647;
			files = (
				D8857DA325F7200D00FA27F9 /* Preview Assets.xcassets in Resources */,
				D8857DA025F7200D00FA27F9 /* Assets.xcassets in Resources */,
			);
			runOnlyForDeploymentPostprocessing = 0;
		};
/* End PBXResourcesBuildPhase section */

/* Begin PBXSourcesBuildPhase section */
		D8857D9425F7200A00FA27F9 /* Sources */ = {
			isa = PBXSourcesBuildPhase;
			buildActionMask = 2147483647;
			files = (
				D80FBD9825FA658700F62F03 /* CartView.swift in Sources */,
				D8C2BA5425F723D100639166 /* Item.swift in Sources */,
				D8857D9E25F7200A00FA27F9 /* ContentView.swift in Sources */,
				D8C2BA5025F7238D00639166 /* ProductView.swift in Sources */,
				D8857D9C25F7200A00FA27F9 /* ShoppingCartPartThreeApp.swift in Sources */,
			);
			runOnlyForDeploymentPostprocessing = 0;
		};
/* End PBXSourcesBuildPhase section */

/* Begin XCBuildConfiguration section */
		D8857DA525F7200D00FA27F9 /* Debug */ = {
			isa = XCBuildConfiguration;
			buildSettings = {
				ALWAYS_SEARCH_USER_PATHS = NO;
				CLANG_ANALYZER_NONNULL = YES;
				CLANG_ANALYZER_NUMBER_OBJECT_CONVERSION = YES_AGGRESSIVE;
				CLANG_CXX_LANGUAGE_STANDARD = "gnu++14";
				CLANG_CXX_LIBRARY = "libc++";
				CLANG_ENABLE_MODULES = YES;
				CLANG_ENABLE_OBJC_ARC = YES;
				CLANG_ENABLE_OBJC_WEAK = YES;
				CLANG_WARN_BLOCK_CAPTURE_AUTORELEASING = YES;
				CLANG_WARN_BOOL_CONVERSION = YES;
				CLANG_WARN_COMMA = YES;
				CLANG_WARN_CONSTANT_CONVERSION = YES;
				CLANG_WARN_DEPRECATED_OBJC_IMPLEMENTATIONS = YES;
				CLANG_WARN_DIRECT_OBJC_ISA_USAGE = YES_ERROR;
				CLANG_WARN_DOCUMENTATION_COMMENTS = YES;
				CLANG_WARN_EMPTY_BODY = YES;
				CLANG_WARN_ENUM_CONVERSION = YES;
				CLANG_WARN_INFINITE_RECURSION = YES;
				CLANG_WARN_INT_CONVERSION = YES;
				CLANG_WARN_NON_LITERAL_NULL_CONVERSION = YES;
				CLANG_WARN_OBJC_IMPLICIT_RETAIN_SELF = YES;
				CLANG_WARN_OBJC_LITERAL_CONVERSION = YES;
				CLANG_WARN_OBJC_ROOT_CLASS = YES_ERROR;
				CLANG_WARN_QUOTED_INCLUDE_IN_FRAMEWORK_HEADER = YES;
				CLANG_WARN_RANGE_LOOP_ANALYSIS = YES;
				CLANG_WARN_STRICT_PROTOTYPES = YES;
				CLANG_WARN_SUSPICIOUS_MOVE = YES;
				CLANG_WARN_UNGUARDED_AVAILABILITY = YES_AGGRESSIVE;
				CLANG_WARN_UNREACHABLE_CODE = YES;
				CLANG_WARN__DUPLICATE_METHOD_MATCH = YES;
				COPY_PHASE_STRIP = NO;
				DEBUG_INFORMATION_FORMAT = dwarf;
				ENABLE_STRICT_OBJC_MSGSEND = YES;
				ENABLE_TESTABILITY = YES;
				GCC_C_LANGUAGE_STANDARD = gnu11;
				GCC_DYNAMIC_NO_PIC = NO;
				GCC_NO_COMMON_BLOCKS = YES;
				GCC_OPTIMIZATION_LEVEL = 0;
				GCC_PREPROCESSOR_DEFINITIONS = (
					"DEBUG=1",
					"$(inherited)",
				);
				GCC_WARN_64_TO_32_BIT_CONVERSION = YES;
				GCC_WARN_ABOUT_RETURN_TYPE = YES_ERROR;
				GCC_WARN_UNDECLARED_SELECTOR = YES;
				GCC_WARN_UNINITIALIZED_AUTOS = YES_AGGRESSIVE;
				GCC_WARN_UNUSED_FUNCTION = YES;
				GCC_WARN_UNUSED_VARIABLE = YES;
				IPHONEOS_DEPLOYMENT_TARGET = 14.4;
				MTL_ENABLE_DEBUG_INFO = INCLUDE_SOURCE;
				MTL_FAST_MATH = YES;
				ONLY_ACTIVE_ARCH = YES;
				SDKROOT = iphoneos;
				SWIFT_ACTIVE_COMPILATION_CONDITIONS = DEBUG;
				SWIFT_OPTIMIZATION_LEVEL = "-Onone";
			};
			name = Debug;
		};
		D8857DA625F7200D00FA27F9 /* Release */ = {
			isa = XCBuildConfiguration;
			buildSettings = {
				ALWAYS_SEARCH_USER_PATHS = NO;
				CLANG_ANALYZER_NONNULL = YES;
				CLANG_ANALYZER_NUMBER_OBJECT_CONVERSION = YES_AGGRESSIVE;
				CLANG_CXX_LANGUAGE_STANDARD = "gnu++14";
				CLANG_CXX_LIBRARY = "libc++";
				CLANG_ENABLE_MODULES = YES;
				CLANG_ENABLE_OBJC_ARC = YES;
				CLANG_ENABLE_OBJC_WEAK = YES;
				CLANG_WARN_BLOCK_CAPTURE_AUTORELEASING = YES;
				CLANG_WARN_BOOL_CONVERSION = YES;
				CLANG_WARN_COMMA = YES;
				CLANG_WARN_CONSTANT_CONVERSION = YES;
				CLANG_WARN_DEPRECATED_OBJC_IMPLEMENTATIONS = YES;
				CLANG_WARN_DIRECT_OBJC_ISA_USAGE = YES_ERROR;
				CLANG_WARN_DOCUMENTATION_COMMENTS = YES;
				CLANG_WARN_EMPTY_BODY = YES;
				CLANG_WARN_ENUM_CONVERSION = YES;
				CLANG_WARN_INFINITE_RECURSION = YES;
				CLANG_WARN_INT_CONVERSION = YES;
				CLANG_WARN_NON_LITERAL_NULL_CONVERSION = YES;
				CLANG_WARN_OBJC_IMPLICIT_RETAIN_SELF = YES;
				CLANG_WARN_OBJC_LITERAL_CONVERSION = YES;
				CLANG_WARN_OBJC_ROOT_CLASS = YES_ERROR;
				CLANG_WARN_QUOTED_INCLUDE_IN_FRAMEWORK_HEADER = YES;
				CLANG_WARN_RANGE_LOOP_ANALYSIS = YES;
				CLANG_WARN_STRICT_PROTOTYPES = YES;
				CLANG_WARN_SUSPICIOUS_MOVE = YES;
				CLANG_WARN_UNGUARDED_AVAILABILITY = YES_AGGRESSIVE;
				CLANG_WARN_UNREACHABLE_CODE = YES;
				CLANG_WARN__DUPLICATE_METHOD_MATCH = YES;
				COPY_PHASE_STRIP = NO;
				DEBUG_INFORMATION_FORMAT = "dwarf-with-dsym";
				ENABLE_NS_ASSERTIONS = NO;
				ENABLE_STRICT_OBJC_MSGSEND = YES;
				GCC_C_LANGUAGE_STANDARD = gnu11;
				GCC_NO_COMMON_BLOCKS = YES;
				GCC_WARN_64_TO_32_BIT_CONVERSION = YES;
				GCC_WARN_ABOUT_RETURN_TYPE = YES_ERROR;
				GCC_WARN_UNDECLARED_SELECTOR = YES;
				GCC_WARN_UNINITIALIZED_AUTOS = YES_AGGRESSIVE;
				GCC_WARN_UNUSED_FUNCTION = YES;
				GCC_WARN_UNUSED_VARIABLE = YES;
				IPHONEOS_DEPLOYMENT_TARGET = 14.4;
				MTL_ENABLE_DEBUG_INFO = NO;
				MTL_FAST_MATH = YES;
				SDKROOT = iphoneos;
				SWIFT_COMPILATION_MODE = wholemodule;
				SWIFT_OPTIMIZATION_LEVEL = "-O";
				VALIDATE_PRODUCT = YES;
			};
			name = Release;
		};
		D8857DA825F7200D00FA27F9 /* Debug */ = {
			isa = XCBuildConfiguration;
			buildSettings = {
				ASSETCATALOG_COMPILER_APPICON_NAME = AppIcon;
				ASSETCATALOG_COMPILER_GLOBAL_ACCENT_COLOR_NAME = AccentColor;
				CODE_SIGN_STYLE = Automatic;
				DEVELOPMENT_ASSET_PATHS = "\"ShoppingCartPartThree/Preview Content\"";
				DEVELOPMENT_TEAM = 9B453SZQT4;
				ENABLE_PREVIEWS = YES;
				INFOPLIST_FILE = ShoppingCartPartThree/Info.plist;
				IPHONEOS_DEPLOYMENT_TARGET = 14.0;
				LD_RUNPATH_SEARCH_PATHS = (
					"$(inherited)",
					"@executable_path/Frameworks",
				);
				PRODUCT_BUNDLE_IDENTIFIER = chiap010.ShoppingCartPartThree;
				PRODUCT_NAME = "$(TARGET_NAME)";
				SWIFT_VERSION = 5.0;
				TARGETED_DEVICE_FAMILY = "1,2";
			};
			name = Debug;
		};
		D8857DA925F7200D00FA27F9 /* Release */ = {
			isa = XCBuildConfiguration;
			buildSettings = {
				ASSETCATALOG_COMPILER_APPICON_NAME = AppIcon;
				ASSETCATALOG_COMPILER_GLOBAL_ACCENT_COLOR_NAME = AccentColor;
				CODE_SIGN_STYLE = Automatic;
				DEVELOPMENT_ASSET_PATHS = "\"ShoppingCartPartThree/Preview Content\"";
				DEVELOPMENT_TEAM = 9B453SZQT4;
				ENABLE_PREVIEWS = YES;
				INFOPLIST_FILE = ShoppingCartPartThree/Info.plist;
				IPHONEOS_DEPLOYMENT_TARGET = 14.0;
				LD_RUNPATH_SEARCH_PATHS = (
					"$(inherited)",
					"@executable_path/Frameworks",
				);
				PRODUCT_BUNDLE_IDENTIFIER = chiap010.ShoppingCartPartThree;
				PRODUCT_NAME = "$(TARGET_NAME)";
				SWIFT_VERSION = 5.0;
				TARGETED_DEVICE_FAMILY = "1,2";
			};
			name = Release;
		};
/* End XCBuildConfiguration section */

/* Begin XCConfigurationList section */
		D8857D9325F7200A00FA27F9 /* Build configuration list for PBXProject "ShoppingCartPartThree" */ = {
			isa = XCConfigurationList;
			buildConfigurations = (
				D8857DA525F7200D00FA27F9 /* Debug */,
				D8857DA625F7200D00FA27F9 /* Release */,
			);
			defaultConfigurationIsVisible = 0;
			defaultConfigurationName = Release;
		};
		D8857DA725F7200D00FA27F9 /* Build configuration list for PBXNativeTarget "ShoppingCartPartThree" */ = {
			isa = XCConfigurationList;
			buildConfigurations = (
				D8857DA825F7200D00FA27F9 /* Debug */,
				D8857DA925F7200D00FA27F9 /* Release */,
			);
			defaultConfigurationIsVisible = 0;
			defaultConfigurationName = Release;
		};
/* End XCConfigurationList section */
	};
	rootObject = D8857D9025F7200A00FA27F9 /* Project object */;
}
